# This file is automatically @generated by Cargo.
# It is not intended for manual editing.
version = 4

[[package]]
name = "northstar-gui-editor"
version = "0.1.0"
dependencies = [
 "northstar-gui-editor-core",
 "northstar-gui-editor-ui",
]

[[package]]
name = "northstar-gui-editor-assets"
version = "0.1.0"

[[package]]
name = "northstar-gui-editor-core"
version = "0.1.0"
dependencies = [
 "northstar-gui-editor-assets",
 "northstar-gui-editor-gateway",
 "northstar-gui-editor-host",
 "northstar-gui-editor-inspector",
 "northstar-gui-editor-preview",
 "northstar-gui-editor-ui",
]

[[package]]
name = "northstar-gui-editor-gateway"
version = "0.1.0"
dependencies = [
 "northstar-gui-editor-assets",
]

[[package]]
name = "northstar-gui-editor-host"
version = "0.1.0"
dependencies = [
 "northstar-gui-editor-assets",
 "northstar-gui-editor-gateway",
 "northstar-gui-editor-inspector",
 "northstar-gui-editor-preview",
]

[[package]]
name = "northstar-gui-editor-inspector"
version = "0.1.0"
dependencies = [
 "northstar-gui-editor-assets",
 "northstar-gui-editor-gateway",
]

[[package]]
name = "northstar-gui-editor-preview"
version = "0.1.0"
dependencies = [
 "northstar-gui-editor-assets",
 "northstar-gui-editor-gateway",
]

[[package]]
name = "northstar-gui-editor-ui"
version = "0.1.0"
